// !$*UTF8*$!
{
	archiveVersion = 1;
	classes = {
	};
	objectVersion = 56;
	objects = {

/* Begin PBXBuildFile section */
		944824572C461E6F001561CD /* AppDelegate.m in Sources */ = {isa = PBXBuildFile; fileRef = 944824562C461E6F001561CD /* AppDelegate.m */; };
		9448245A2C461E6F001561CD /* SceneDelegate.m in Sources */ = {isa = PBXBuildFile; fileRef = 944824592C461E6F001561CD /* SceneDelegate.m */; };
		944824622C461E70001561CD /* Assets.xcassets in Resources */ = {isa = PBXBuildFile; fileRef = 944824612C461E70001561CD /* Assets.xcassets */; };
		944824652C461E70001561CD /* Base in Resources */ = {isa = PBXBuildFile; fileRef = 944824642C461E70001561CD /* Base */; };
		944824682C461E70001561CD /* main.m in Sources */ = {isa = PBXBuildFile; fileRef = 944824672C461E70001561CD /* main.m */; };
		944824722C464E84001561CD /* videoplayback.mp4 in Resources */ = {isa = PBXBuildFile; fileRef = 944824712C464CEE001561CD /* videoplayback.mp4 */; };
		944824752C4658D0001561CD /* AGPlayerManager.m in Sources */ = {isa = PBXBuildFile; fileRef = 944824742C4658D0001561CD /* AGPlayerManager.m */; };
		944824782C4658E5001561CD /* AGPlayer.m in Sources */ = {isa = PBXBuildFile; fileRef = 944824772C4658E5001561CD /* AGPlayer.m */; };
		9448247B2C4658FC001561CD /* AGDownloadManager.m in Sources */ = {isa = PBXBuildFile; fileRef = 9448247A2C4658FC001561CD /* AGDownloadManager.m */; };
		9448247E2C465906001561CD /* AGDownload.m in Sources */ = {isa = PBXBuildFile; fileRef = 9448247D2C465906001561CD /* AGDownload.m */; };
		944824822C46769E001561CD /* AGVideoResourceCacheManager.m in Sources */ = {isa = PBXBuildFile; fileRef = 944824812C46769E001561CD /* AGVideoResourceCacheManager.m */; };
		944824852C4690D3001561CD /* AGDataTool.m in Sources */ = {isa = PBXBuildFile; fileRef = 944824842C4690D3001561CD /* AGDataTool.m */; };
		94709AC02C47646700C264DB /* RRVideoCommendViewController.m in Sources */ = {isa = PBXBuildFile; fileRef = 94709ABE2C47646700C264DB /* RRVideoCommendViewController.m */; };
		94709AC32C47682D00C264DB /* MyCell.m in Sources */ = {isa = PBXBuildFile; fileRef = 94709AC22C47682D00C264DB /* MyCell.m */; };
/* End PBXBuildFile section */

/* Begin PBXFileReference section */
		944824522C461E6F001561CD /* VideoDemo.app */ = {isa = PBXFileReference; explicitFileType = wrapper.application; includeInIndex = 0; path = VideoDemo.app; sourceTree = BUILT_PRODUCTS_DIR; };
		944824552C461E6F001561CD /* AppDelegate.h */ = {isa = PBXFileReference; lastKnownFileType = sourcecode.c.h; path = AppDelegate.h; sourceTree = "<group>"; };
		944824562C461E6F001561CD /* AppDelegate.m */ = {isa = PBXFileReference; lastKnownFileType = sourcecode.c.objc; path = AppDelegate.m; sourceTree = "<group>"; };
		944824582C461E6F001561CD /* SceneDelegate.h */ = {isa = PBXFileReference; lastKnownFileType = sourcecode.c.h; path = SceneDelegate.h; sourceTree = "<group>"; };
		944824592C461E6F001561CD /* SceneDelegate.m */ = {isa = PBXFileReference; lastKnownFileType = sourcecode.c.objc; path = SceneDelegate.m; sourceTree = "<group>"; };
		944824612C461E70001561CD /* Assets.xcassets */ = {isa = PBXFileReference; lastKnownFileType = folder.assetcatalog; path = Assets.xcassets; sourceTree = "<group>"; };
		944824642C461E70001561CD /* Base */ = {isa = PBXFileReference; lastKnownFileType = file.storyboard; name = Base; path = Base.lproj/LaunchScreen.storyboard; sourceTree = "<group>"; };
		944824662C461E70001561CD /* Info.plist */ = {isa = PBXFileReference; lastKnownFileType = text.plist.xml; path = Info.plist; sourceTree = "<group>"; };
		944824672C461E70001561CD /* main.m */ = {isa = PBXFileReference; lastKnownFileType = sourcecode.c.objc; path = main.m; sourceTree = "<group>"; };
		944824712C464CEE001561CD /* videoplayback.mp4 */ = {isa = PBXFileReference; lastKnownFileType = file; path = videoplayback.mp4; sourceTree = "<group>"; };
		944824732C4658D0001561CD /* AGPlayerManager.h */ = {isa = PBXFileReference; lastKnownFileType = sourcecode.c.h; path = AGPlayerManager.h; sourceTree = "<group>"; };
		944824742C4658D0001561CD /* AGPlayerManager.m */ = {isa = PBXFileReference; lastKnownFileType = sourcecode.c.objc; path = AGPlayerManager.m; sourceTree = "<group>"; };
		944824762C4658E5001561CD /* AGPlayer.h */ = {isa = PBXFileReference; lastKnownFileType = sourcecode.c.h; path = AGPlayer.h; sourceTree = "<group>"; };
		944824772C4658E5001561CD /* AGPlayer.m */ = {isa = PBXFileReference; lastKnownFileType = sourcecode.c.objc; path = AGPlayer.m; sourceTree = "<group>"; };
		944824792C4658FC001561CD /* AGDownloadManager.h */ = {isa = PBXFileReference; lastKnownFileType = sourcecode.c.h; path = AGDownloadManager.h; sourceTree = "<group>"; };
		9448247A2C4658FC001561CD /* AGDownloadManager.m */ = {isa = PBXFileReference; lastKnownFileType = sourcecode.c.objc; path = AGDownloadManager.m; sourceTree = "<group>"; };
		9448247C2C465906001561CD /* AGDownload.h */ = {isa = PBXFileReference; lastKnownFileType = sourcecode.c.h; path = AGDownload.h; sourceTree = "<group>"; };
		9448247D2C465906001561CD /* AGDownload.m */ = {isa = PBXFileReference; lastKnownFileType = sourcecode.c.objc; path = AGDownload.m; sourceTree = "<group>"; };
		9448247F2C467119001561CD /* AGDownloadDelegate.h */ = {isa = PBXFileReference; lastKnownFileType = sourcecode.c.h; path = AGDownloadDelegate.h; sourceTree = "<group>"; };
		944824802C46769E001561CD /* AGVideoResourceCacheManager.h */ = {isa = PBXFileReference; lastKnownFileType = sourcecode.c.h; path = AGVideoResourceCacheManager.h; sourceTree = "<group>"; };
		944824812C46769E001561CD /* AGVideoResourceCacheManager.m */ = {isa = PBXFileReference; lastKnownFileType = sourcecode.c.objc; path = AGVideoResourceCacheManager.m; sourceTree = "<group>"; };
		944824832C4690D3001561CD /* AGDataTool.h */ = {isa = PBXFileReference; lastKnownFileType = sourcecode.c.h; path = AGDataTool.h; sourceTree = "<group>"; };
		944824842C4690D3001561CD /* AGDataTool.m */ = {isa = PBXFileReference; lastKnownFileType = sourcecode.c.objc; path = AGDataTool.m; sourceTree = "<group>"; };
		94709ABE2C47646700C264DB /* RRVideoCommendViewController.m */ = {isa = PBXFileReference; fileEncoding = 4; lastKnownFileType = sourcecode.c.objc; path = RRVideoCommendViewController.m; sourceTree = "<group>"; };
		94709ABF2C47646700C264DB /* RRVideoCommendViewController.h */ = {isa = PBXFileReference; fileEncoding = 4; lastKnownFileType = sourcecode.c.h; path = RRVideoCommendViewController.h; sourceTree = "<group>"; };
		94709AC12C47682D00C264DB /* MyCell.h */ = {isa = PBXFileReference; lastKnownFileType = sourcecode.c.h; path = MyCell.h; sourceTree = "<group>"; };
		94709AC22C47682D00C264DB /* MyCell.m */ = {isa = PBXFileReference; lastKnownFileType = sourcecode.c.objc; path = MyCell.m; sourceTree = "<group>"; };
/* End PBXFileReference section */

/* Begin PBXFrameworksBuildPhase section */
		9448244F2C461E6F001561CD /* Frameworks */ = {
			isa = PBXFrameworksBuildPhase;
			buildActionMask = 2147483647;
			files = (
			);
			runOnlyForDeploymentPostprocessing = 0;
		};
/* End PBXFrameworksBuildPhase section */

/* Begin PBXGroup section */
		944824492C461E6F001561CD = {
			isa = PBXGroup;
			children = (
				944824542C461E6F001561CD /* VideoDemo */,
				944824532C461E6F001561CD /* Products */,
			);
			sourceTree = "<group>";
		};
		944824532C461E6F001561CD /* Products */ = {
			isa = PBXGroup;
			children = (
				944824522C461E6F001561CD /* VideoDemo.app */,
			);
			name = Products;
			sourceTree = "<group>";
		};
		944824542C461E6F001561CD /* VideoDemo */ = {
			isa = PBXGroup;
			children = (
				944824712C464CEE001561CD /* videoplayback.mp4 */,
				944824552C461E6F001561CD /* AppDelegate.h */,
				944824562C461E6F001561CD /* AppDelegate.m */,
				944824582C461E6F001561CD /* SceneDelegate.h */,
				944824592C461E6F001561CD /* SceneDelegate.m */,
				94709ABF2C47646700C264DB /* RRVideoCommendViewController.h */,
				94709ABE2C47646700C264DB /* RRVideoCommendViewController.m */,
				94709AC12C47682D00C264DB /* MyCell.h */,
				94709AC22C47682D00C264DB /* MyCell.m */,
				944824732C4658D0001561CD /* AGPlayerManager.h */,
				944824742C4658D0001561CD /* AGPlayerManager.m */,
				944824762C4658E5001561CD /* AGPlayer.h */,
				944824772C4658E5001561CD /* AGPlayer.m */,
				944824792C4658FC001561CD /* AGDownloadManager.h */,
				9448247A2C4658FC001561CD /* AGDownloadManager.m */,
				9448247F2C467119001561CD /* AGDownloadDelegate.h */,
				9448247C2C465906001561CD /* AGDownload.h */,
				9448247D2C465906001561CD /* AGDownload.m */,
				944824802C46769E001561CD /* AGVideoResourceCacheManager.h */,
				944824812C46769E001561CD /* AGVideoResourceCacheManager.m */,
				944824832C4690D3001561CD /* AGDataTool.h */,
				944824842C4690D3001561CD /* AGDataTool.m */,
				944824612C461E70001561CD /* Assets.xcassets */,
				944824632C461E70001561CD /* LaunchScreen.storyboard */,
				944824662C461E70001561CD /* Info.plist */,
				944824672C461E70001561CD /* main.m */,
			);
			path = VideoDemo;
			sourceTree = "<group>";
		};
/* End PBXGroup section */

/* Begin PBXNativeTarget section */
		944824512C461E6F001561CD /* VideoDemo */ = {
			isa = PBXNativeTarget;
			buildConfigurationList = 9448246B2C461E70001561CD /* Build configuration list for PBXNativeTarget "VideoDemo" */;
			buildPhases = (
				9448244E2C461E6F001561CD /* Sources */,
				9448244F2C461E6F001561CD /* Frameworks */,
				944824502C461E6F001561CD /* Resources */,
			);
			buildRules = (
			);
			dependencies = (
			);
			name = VideoDemo;
			productName = VideoDemo;
			productReference = 944824522C461E6F001561CD /* VideoDemo.app */;
			productType = "com.apple.product-type.application";
		};
/* End PBXNativeTarget section */

/* Begin PBXProject section */
		9448244A2C461E6F001561CD /* Project object */ = {
			isa = PBXProject;
			attributes = {
				BuildIndependentTargetsInParallel = 1;
				LastUpgradeCheck = 1540;
				TargetAttributes = {
					944824512C461E6F001561CD = {
						CreatedOnToolsVersion = 15.4;
					};
				};
			};
			buildConfigurationList = 9448244D2C461E6F001561CD /* Build configuration list for PBXProject "VideoDemo" */;
			compatibilityVersion = "Xcode 14.0";
			developmentRegion = en;
			hasScannedForEncodings = 0;
			knownRegions = (
				en,
				Base,
			);
			mainGroup = 944824492C461E6F001561CD;
			productRefGroup = 944824532C461E6F001561CD /* Products */;
			projectDirPath = "";
			projectRoot = "";
			targets = (
				944824512C461E6F001561CD /* VideoDemo */,
			);
		};
/* End PBXProject section */

/* Begin PBXResourcesBuildPhase section */
		944824502C461E6F001561CD /* Resources */ = {
			isa = PBXResourcesBuildPhase;
			buildActionMask = 2147483647;
			files = (
				944824622C461E70001561CD /* Assets.xcassets in Resources */,
				944824652C461E70001561CD /* Base in Resources */,
				944824722C464E84001561CD /* videoplayback.mp4 in Resources */,
			);
			runOnlyForDeploymentPostprocessing = 0;
		};
/* End PBXResourcesBuildPhase section */

/* Begin PBXSourcesBuildPhase section */
		9448244E2C461E6F001561CD /* Sources */ = {
			isa = PBXSourcesBuildPhase;
			buildActionMask = 2147483647;
			files = (
				944824782C4658E5001561CD /* AGPlayer.m in Sources */,
				944824822C46769E001561CD /* AGVideoResourceCacheManager.m in Sources */,
				944824752C4658D0001561CD /* AGPlayerManager.m in Sources */,
				944824572C461E6F001561CD /* AppDelegate.m in Sources */,
				94709AC32C47682D00C264DB /* MyCell.m in Sources */,
				944824682C461E70001561CD /* main.m in Sources */,
				9448245A2C461E6F001561CD /* SceneDelegate.m in Sources */,
				9448247B2C4658FC001561CD /* AGDownloadManager.m in Sources */,
				9448247E2C465906001561CD /* AGDownload.m in Sources */,
				944824852C4690D3001561CD /* AGDataTool.m in Sources */,
				94709AC02C47646700C264DB /* RRVideoCommendViewController.m in Sources */,
			);
			runOnlyForDeploymentPostprocessing = 0;
		};
/* End PBXSourcesBuildPhase section */

/* Begin PBXVariantGroup section */
		944824632C461E70001561CD /* LaunchScreen.storyboard */ = {
			isa = PBXVariantGroup;
			children = (
				944824642C461E70001561CD /* Base */,
			);
			name = LaunchScreen.storyboard;
			sourceTree = "<group>";
		};
/* End PBXVariantGroup section */

/* Begin XCBuildConfiguration section */
		944824692C461E70001561CD /* Debug */ = {
			isa = XCBuildConfiguration;
			buildSettings = {
				ALWAYS_SEARCH_USER_PATHS = NO;
				ASSETCATALOG_COMPILER_GENERATE_SWIFT_ASSET_SYMBOL_EXTENSIONS = YES;
				CLANG_ANALYZER_NONNULL = YES;
				CLANG_ANALYZER_NUMBER_OBJECT_CONVERSION = YES_AGGRESSIVE;
				CLANG_CXX_LANGUAGE_STANDARD = "gnu++20";
				CLANG_ENABLE_MODULES = YES;
				CLANG_ENABLE_OBJC_ARC = YES;
				CLANG_ENABLE_OBJC_WEAK = YES;
				CLANG_WARN_BLOCK_CAPTURE_AUTORELEASING = YES;
				CLANG_WARN_BOOL_CONVERSION = YES;
				CLANG_WARN_COMMA = YES;
				CLANG_WARN_CONSTANT_CONVERSION = YES;
				CLANG_WARN_DEPRECATED_OBJC_IMPLEMENTATIONS = YES;
				CLANG_WARN_DIRECT_OBJC_ISA_USAGE = YES_ERROR;
				CLANG_WARN_DOCUMENTATION_COMMENTS = YES;
				CLANG_WARN_EMPTY_BODY = YES;
				CLANG_WARN_ENUM_CONVERSION = YES;
				CLANG_WARN_INFINITE_RECURSION = YES;
				CLANG_WARN_INT_CONVERSION = YES;
				CLANG_WARN_NON_LITERAL_NULL_CONVERSION = YES;
				CLANG_WARN_OBJC_IMPLICIT_RETAIN_SELF = YES;
				CLANG_WARN_OBJC_LITERAL_CONVERSION = YES;
				CLANG_WARN_OBJC_ROOT_CLASS = YES_ERROR;
				CLANG_WARN_QUOTED_INCLUDE_IN_FRAMEWORK_HEADER = YES;
				CLANG_WARN_RANGE_LOOP_ANALYSIS = YES;
				CLANG_WARN_STRICT_PROTOTYPES = YES;
				CLANG_WARN_SUSPICIOUS_MOVE = YES;
				CLANG_WARN_UNGUARDED_AVAILABILITY = YES_AGGRESSIVE;
				CLANG_WARN_UNREACHABLE_CODE = YES;
				CLANG_WARN__DUPLICATE_METHOD_MATCH = YES;
				COPY_PHASE_STRIP = NO;
				DEBUG_INFORMATION_FORMAT = dwarf;
				ENABLE_STRICT_OBJC_MSGSEND = YES;
				ENABLE_TESTABILITY = YES;
				ENABLE_USER_SCRIPT_SANDBOXING = YES;
				GCC_C_LANGUAGE_STANDARD = gnu17;
				GCC_DYNAMIC_NO_PIC = NO;
				GCC_NO_COMMON_BLOCKS = YES;
				GCC_OPTIMIZATION_LEVEL = 0;
				GCC_PREPROCESSOR_DEFINITIONS = (
					"DEBUG=1",
					"$(inherited)",
				);
				GCC_WARN_64_TO_32_BIT_CONVERSION = YES;
				GCC_WARN_ABOUT_RETURN_TYPE = YES_ERROR;
				GCC_WARN_UNDECLARED_SELECTOR = YES;
				GCC_WARN_UNINITIALIZED_AUTOS = YES_AGGRESSIVE;
				GCC_WARN_UNUSED_FUNCTION = YES;
				GCC_WARN_UNUSED_VARIABLE = YES;
				IPHONEOS_DEPLOYMENT_TARGET = 17.5;
				LOCALIZATION_PREFERS_STRING_CATALOGS = YES;
				MTL_ENABLE_DEBUG_INFO = INCLUDE_SOURCE;
				MTL_FAST_MATH = YES;
				ONLY_ACTIVE_ARCH = YES;
				SDKROOT = iphoneos;
			};
			name = Debug;
		};
		9448246A2C461E70001561CD /* Release */ = {
			isa = XCBuildConfiguration;
			buildSettings = {
				ALWAYS_SEARCH_USER_PATHS = NO;
				ASSETCATALOG_COMPILER_GENERATE_SWIFT_ASSET_SYMBOL_EXTENSIONS = YES;
				CLANG_ANALYZER_NONNULL = YES;
				CLANG_ANALYZER_NUMBER_OBJECT_CONVERSION = YES_AGGRESSIVE;
				CLANG_CXX_LANGUAGE_STANDARD = "gnu++20";
				CLANG_ENABLE_MODULES = YES;
				CLANG_ENABLE_OBJC_ARC = YES;
				CLANG_ENABLE_OBJC_WEAK = YES;
				CLANG_WARN_BLOCK_CAPTURE_AUTORELEASING = YES;
				CLANG_WARN_BOOL_CONVERSION = YES;
				CLANG_WARN_COMMA = YES;
				CLANG_WARN_CONSTANT_CONVERSION = YES;
				CLANG_WARN_DEPRECATED_OBJC_IMPLEMENTATIONS = YES;
				CLANG_WARN_DIRECT_OBJC_ISA_USAGE = YES_ERROR;
				CLANG_WARN_DOCUMENTATION_COMMENTS = YES;
				CLANG_WARN_EMPTY_BODY = YES;
				CLANG_WARN_ENUM_CONVERSION = YES;
				CLANG_WARN_INFINITE_RECURSION = YES;
				CLANG_WARN_INT_CONVERSION = YES;
				CLANG_WARN_NON_LITERAL_NULL_CONVERSION = YES;
				CLANG_WARN_OBJC_IMPLICIT_RETAIN_SELF = YES;
				CLANG_WARN_OBJC_LITERAL_CONVERSION = YES;
				CLANG_WARN_OBJC_ROOT_CLASS = YES_ERROR;
				CLANG_WARN_QUOTED_INCLUDE_IN_FRAMEWORK_HEADER = YES;
				CLANG_WARN_RANGE_LOOP_ANALYSIS = YES;
				CLANG_WARN_STRICT_PROTOTYPES = YES;
				CLANG_WARN_SUSPICIOUS_MOVE = YES;
				CLANG_WARN_UNGUARDED_AVAILABILITY = YES_AGGRESSIVE;
				CLANG_WARN_UNREACHABLE_CODE = YES;
				CLANG_WARN__DUPLICATE_METHOD_MATCH = YES;
				COPY_PHASE_STRIP = NO;
				DEBUG_INFORMATION_FORMAT = "dwarf-with-dsym";
				ENABLE_NS_ASSERTIONS = NO;
				ENABLE_STRICT_OBJC_MSGSEND = YES;
				ENABLE_USER_SCRIPT_SANDBOXING = YES;
				GCC_C_LANGUAGE_STANDARD = gnu17;
				GCC_NO_COMMON_BLOCKS = YES;
				GCC_WARN_64_TO_32_BIT_CONVERSION = YES;
				GCC_WARN_ABOUT_RETURN_TYPE = YES_ERROR;
				GCC_WARN_UNDECLARED_SELECTOR = YES;
				GCC_WARN_UNINITIALIZED_AUTOS = YES_AGGRESSIVE;
				GCC_WARN_UNUSED_FUNCTION = YES;
				GCC_WARN_UNUSED_VARIABLE = YES;
				IPHONEOS_DEPLOYMENT_TARGET = 17.5;
				LOCALIZATION_PREFERS_STRING_CATALOGS = YES;
				MTL_ENABLE_DEBUG_INFO = NO;
				MTL_FAST_MATH = YES;
				SDKROOT = iphoneos;
				VALIDATE_PRODUCT = YES;
			};
			name = Release;
		};
		9448246C2C461E70001561CD /* Debug */ = {
			isa = XCBuildConfiguration;
			buildSettings = {
				ASSETCATALOG_COMPILER_APPICON_NAME = AppIcon;
				ASSETCATALOG_COMPILER_GLOBAL_ACCENT_COLOR_NAME = AccentColor;
				CODE_SIGN_STYLE = Automatic;
				CURRENT_PROJECT_VERSION = 1;
				DEVELOPMENT_TEAM = 753F3KZ8E3;
				GENERATE_INFOPLIST_FILE = YES;
				INFOPLIST_FILE = VideoDemo/Info.plist;
				INFOPLIST_KEY_UIApplicationSupportsIndirectInputEvents = YES;
				INFOPLIST_KEY_UILaunchStoryboardName = LaunchScreen;
				INFOPLIST_KEY_UIMainStoryboardFile = "";
				INFOPLIST_KEY_UISupportedInterfaceOrientations_iPad = "UIInterfaceOrientationPortrait UIInterfaceOrientationPortraitUpsideDown UIInterfaceOrientationLandscapeLeft UIInterfaceOrientationLandscapeRight";
				INFOPLIST_KEY_UISupportedInterfaceOrientations_iPhone = "UIInterfaceOrientationPortrait UIInterfaceOrientationLandscapeLeft UIInterfaceOrientationLandscapeRight";
				IPHONEOS_DEPLOYMENT_TARGET = 15.0;
				LD_RUNPATH_SEARCH_PATHS = (
					"$(inherited)",
					"@executable_path/Frameworks",
				);
				MARKETING_VERSION = 1.0;
				PRODUCT_BUNDLE_IDENTIFIER = com.ag.VideoDemo;
				PRODUCT_NAME = "$(TARGET_NAME)";
				SWIFT_EMIT_LOC_STRINGS = YES;
				TARGETED_DEVICE_FAMILY = "1,2";
			};
			name = Debug;
		};
		9448246D2C461E70001561CD /* Release */ = {
			isa = XCBuildConfiguration;
			buildSettings = {
				ASSETCATALOG_COMPILER_APPICON_NAME = AppIcon;
				ASSETCATALOG_COMPILER_GLOBAL_ACCENT_COLOR_NAME = AccentColor;
				CODE_SIGN_STYLE = Automatic;
				CURRENT_PROJECT_VERSION = 1;
				DEVELOPMENT_TEAM = 753F3KZ8E3;
				GENERATE_INFOPLIST_FILE = YES;
				INFOPLIST_FILE = VideoDemo/Info.plist;
				INFOPLIST_KEY_UIApplicationSupportsIndirectInputEvents = YES;
				INFOPLIST_KEY_UILaunchStoryboardName = LaunchScreen;
				INFOPLIST_KEY_UIMainStoryboardFile = "";
				INFOPLIST_KEY_UISupportedInterfaceOrientations_iPad = "UIInterfaceOrientationPortrait UIInterfaceOrientationPortraitUpsideDown UIInterfaceOrientationLandscapeLeft UIInterfaceOrientationLandscapeRight";
				INFOPLIST_KEY_UISupportedInterfaceOrientations_iPhone = "UIInterfaceOrientationPortrait UIInterfaceOrientationLandscapeLeft UIInterfaceOrientationLandscapeRight";
				IPHONEOS_DEPLOYMENT_TARGET = 15.0;
				LD_RUNPATH_SEARCH_PATHS = (
					"$(inherited)",
					"@executable_path/Frameworks",
				);
				MARKETING_VERSION = 1.0;
				PRODUCT_BUNDLE_IDENTIFIER = com.ag.VideoDemo;
				PRODUCT_NAME = "$(TARGET_NAME)";
				SWIFT_EMIT_LOC_STRINGS = YES;
				TARGETED_DEVICE_FAMILY = "1,2";
			};
			name = Release;
		};
/* End XCBuildConfiguration section */

/* Begin XCConfigurationList section */
		9448244D2C461E6F001561CD /* Build configuration list for PBXProject "VideoDemo" */ = {
			isa = XCConfigurationList;
			buildConfigurations = (
				944824692C461E70001561CD /* Debug */,
				9448246A2C461E70001561CD /* Release */,
			);
			defaultConfigurationIsVisible = 0;
			defaultConfigurationName = Release;
		};
		9448246B2C461E70001561CD /* Build configuration list for PBXNativeTarget "VideoDemo" */ = {
			isa = XCConfigurationList;
			buildConfigurations = (
				9448246C2C461E70001561CD /* Debug */,
				9448246D2C461E70001561CD /* Release */,
			);
			defaultConfigurationIsVisible = 0;
			defaultConfigurationName = Release;
		};
/* End XCConfigurationList section */
	};
	rootObject = 9448244A2C461E6F001561CD /* Project object */;
}
